
Microsoft Visual Studio Solution File, Format Version 12.00
# Visual Studio Version 17
VisualStudioVersion = 17.8.34330.188
MinimumVisualStudioVersion = 10.0.40219.1
Project("{9A19103F-16F7-4668-BE54-9A1E7A4F7556}") = "BPCalculator", "BPCalculator\BPCalculator.csproj", "{5966DA6C-819D-4303-ADC7-425B8541EC84}"
EndProject
Project("{9A19103F-16F7-4668-BE54-9A1E7A4F7556}") = "UATTests", "UATTests\UATTests.csproj", "{71E16F97-77DF-485A-9FE0-7FA87BB1A9F9}"
	ProjectSection(ProjectDependencies) = postProject
		{5966DA6C-819D-4303-ADC7-425B8541EC84} = {5966DA6C-819D-4303-ADC7-425B8541EC84}
	EndProjectSection
EndProject
Project("{9A19103F-16F7-4668-BE54-9A1E7A4F7556}") = "SeleniumTests", "SeleniumTests\SeleniumTests.csproj", "{92A9B49A-B2ED-4761-A6F0-7BE9D4E479DD}"
EndProject
Project("{9A19103F-16F7-4668-BE54-9A1E7A4F7556}") = "BPCalculatorUnitTests", "BPCalculatorUnitTests\BPCalculatorUnitTests.csproj", "{3F512A5C-7E3D-4034-BDC8-73FDE8123C08}"
EndProject

Global
	GlobalSection(SolutionConfigurationPlatforms) = preSolution
		Debug|Any CPU = Debug|Any CPU
		Release|Any CPU = Release|Any CPU
	EndGlobalSection
	GlobalSection(ProjectConfigurationPlatforms) = postSolution
		{5966DA6C-819D-4303-ADC7-425B8541EC84}.Debug|Any CPU.ActiveCfg = Debug|Any CPU
		{5966DA6C-819D-4303-ADC7-425B8541EC84}.Debug|Any CPU.Build.0 = Debug|Any CPU
		{5966DA6C-819D-4303-ADC7-425B8541EC84}.Release|Any CPU.ActiveCfg = Release|Any CPU
		{5966DA6C-819D-4303-ADC7-425B8541EC84}.Release|Any CPU.Build.0 = Release|Any CPU
		{71E16F97-77DF-485A-9FE0-7FA87BB1A9F9}.Debug|Any CPU.ActiveCfg = Debug|Any CPU
		{71E16F97-77DF-485A-9FE0-7FA87BB1A9F9}.Debug|Any CPU.Build.0 = Debug|Any CPU
		{71E16F97-77DF-485A-9FE0-7FA87BB1A9F9}.Release|Any CPU.ActiveCfg = Release|Any CPU
		{71E16F97-77DF-485A-9FE0-7FA87BB1A9F9}.Release|Any CPU.Build.0 = Release|Any CPU
		{92A9B49A-B2ED-4761-A6F0-7BE9D4E479DD}.Debug|Any CPU.ActiveCfg = Debug|Any CPU
		{92A9B49A-B2ED-4761-A6F0-7BE9D4E479DD}.Debug|Any CPU.Build.0 = Debug|Any CPU
		{92A9B49A-B2ED-4761-A6F0-7BE9D4E479DD}.Release|Any CPU.ActiveCfg = Release|Any CPU
		{92A9B49A-B2ED-4761-A6F0-7BE9D4E479DD}.Release|Any CPU.Build.0 = Release|Any CPU
		{3F512A5C-7E3D-4034-BDC8-73FDE8123C08}.Debug|Any CPU.ActiveCfg = Debug|Any CPU
		{3F512A5C-7E3D-4034-BDC8-73FDE8123C08}.Debug|Any CPU.Build.0 = Debug|Any CPU
		{3F512A5C-7E3D-4034-BDC8-73FDE8123C08}.Release|Any CPU.ActiveCfg = Release|Any CPU
		{3F512A5C-7E3D-4034-BDC8-73FDE8123C08}.Release|Any CPU.Build.0 = Release|Any CPU
	EndGlobalSection
	GlobalSection(SolutionProperties) = preSolution
		HideSolutionNode = FALSE
	EndGlobalSection
	GlobalSection(ExtensibilityGlobals) = postSolution
		SolutionGuid = {0888B091-BD2A-49F1-9C68-09927D2EC2D8}
	EndGlobalSection
EndGlobal
